
Microsoft Visual Studio Solution File, Format Version 12.00
# Visual Studio Version 17
VisualStudioVersion = 17.1.32319.34
MinimumVisualStudioVersion = 10.0.40219.1
Project("{FAE04EC0-301F-11D3-BF4B-00C04F79EFBC}") = "WebApplication1", "WebApplication1.csproj", "{34586250-20BC-4E6E-8091-EF262CA3D183}"
EndProject
Global
	GlobalSection(SolutionConfigurationPlatforms) = preSolution
		Debug|Any CPU = Debug|Any CPU
		Release|Any CPU = Release|Any CPU
	EndGlobalSection
	GlobalSection(ProjectConfigurationPlatforms) = postSolution
		{34586250-20BC-4E6E-8091-EF262CA3D183}.Debug|Any CPU.ActiveCfg = Debug|Any CPU
		{34586250-20BC-4E6E-8091-EF262CA3D183}.Debug|Any CPU.Build.0 = Debug|Any CPU
		{34586250-20BC-4E6E-8091-EF262CA3D183}.Release|Any CPU.ActiveCfg = Release|Any CPU
		{34586250-20BC-4E6E-8091-EF262CA3D183}.Release|Any CPU.Build.0 = Release|Any CPU
	EndGlobalSection
	GlobalSection(SolutionProperties) = preSolution
		HideSolutionNode = FALSE
	EndGlobalSection
	GlobalSection(ExtensibilityGlobals) = postSolution
		SolutionGuid = {7F070795-EFFD-4874-96FE-802D7D929C94}
	EndGlobalSection
EndGlobal
